// !$*UTF8*$!
{
	archiveVersion = 1;
	classes = {
	};
	objectVersion = 46;
	objects = {

/* Begin PBXBuildFile section */
		960B929C146F2FCF0057C22E /* CourseDetailViewController.m in Sources */ = {isa = PBXBuildFile; fileRef = 960B929A146F2FCF0057C22E /* CourseDetailViewController.m */; };
		960B929D146F2FCF0057C22E /* CourseDetailView.xib in Resources */ = {isa = PBXBuildFile; fileRef = 960B929B146F2FCF0057C22E /* CourseDetailView.xib */; };
		961491041437E7EC0010FFE1 /* ScheduleTabView.m in Sources */ = {isa = PBXBuildFile; fileRef = 961491031437E7EC0010FFE1 /* ScheduleTabView.m */; };
		9614910E1437FF7D0010FFE1 /* friTabAct.png in Resources */ = {isa = PBXBuildFile; fileRef = 961491081437FF7D0010FFE1 /* friTabAct.png */; };
		961491101437FF7D0010FFE1 /* thuTabAct.png in Resources */ = {isa = PBXBuildFile; fileRef = 9614910A1437FF7D0010FFE1 /* thuTabAct.png */; };
		961491111437FF7D0010FFE1 /* tueTabAct.png in Resources */ = {isa = PBXBuildFile; fileRef = 9614910B1437FF7D0010FFE1 /* tueTabAct.png */; };
		961491121437FF7D0010FFE1 /* wedTabAct.png in Resources */ = {isa = PBXBuildFile; fileRef = 9614910C1437FF7D0010FFE1 /* wedTabAct.png */; };
		961491131437FF7D0010FFE1 /* weekTabAct.png in Resources */ = {isa = PBXBuildFile; fileRef = 9614910D1437FF7D0010FFE1 /* weekTabAct.png */; };
		96149119143803A70010FFE1 /* backgroundGradient.png in Resources */ = {isa = PBXBuildFile; fileRef = 96149118143803A70010FFE1 /* backgroundGradient.png */; };
		9614911B143804EF0010FFE1 /* monTabAct.png in Resources */ = {isa = PBXBuildFile; fileRef = 9614911A143804EF0010FFE1 /* monTabAct.png */; };
		9614912314380A8C0010FFE1 /* friTabInact.png in Resources */ = {isa = PBXBuildFile; fileRef = 9614911D14380A8C0010FFE1 /* friTabInact.png */; };
		9614912414380A8C0010FFE1 /* monTabInact.png in Resources */ = {isa = PBXBuildFile; fileRef = 9614911E14380A8C0010FFE1 /* monTabInact.png */; };
		9614912514380A8C0010FFE1 /* thuTabInact.png in Resources */ = {isa = PBXBuildFile; fileRef = 9614911F14380A8C0010FFE1 /* thuTabInact.png */; };
		9614912614380A8C0010FFE1 /* tueTabInact.png in Resources */ = {isa = PBXBuildFile; fileRef = 9614912014380A8C0010FFE1 /* tueTabInact.png */; };
		9614912714380A8C0010FFE1 /* wedTabInact.png in Resources */ = {isa = PBXBuildFile; fileRef = 9614912114380A8C0010FFE1 /* wedTabInact.png */; };
		9614912814380A8C0010FFE1 /* weekTabInact.png in Resources */ = {isa = PBXBuildFile; fileRef = 9614912214380A8C0010FFE1 /* weekTabInact.png */; };
		9614912E1438133E0010FFE1 /* backgroundGradient@2x.png in Resources */ = {isa = PBXBuildFile; fileRef = 9614912D1438133E0010FFE1 /* backgroundGradient@2x.png */; };
		96149130143813AF0010FFE1 /* friTabAct@2x.png in Resources */ = {isa = PBXBuildFile; fileRef = 9614912F143813AF0010FFE1 /* friTabAct@2x.png */; };
		96149132143813CB0010FFE1 /* friTabInact@2x.png in Resources */ = {isa = PBXBuildFile; fileRef = 96149131143813CB0010FFE1 /* friTabInact@2x.png */; };
		96149134143813D30010FFE1 /* monTabAct@2x.png in Resources */ = {isa = PBXBuildFile; fileRef = 96149133143813D30010FFE1 /* monTabAct@2x.png */; };
		96149136143813DB0010FFE1 /* monTabInact@2x.png in Resources */ = {isa = PBXBuildFile; fileRef = 96149135143813DB0010FFE1 /* monTabInact@2x.png */; };
		961491391438140E0010FFE1 /* thuTabAct@2x.png in Resources */ = {isa = PBXBuildFile; fileRef = 961491371438140E0010FFE1 /* thuTabAct@2x.png */; };
		9614913A1438140E0010FFE1 /* thuTabInact@2x.png in Resources */ = {isa = PBXBuildFile; fileRef = 961491381438140E0010FFE1 /* thuTabInact@2x.png */; };
		9614913D143814190010FFE1 /* tueTabAct@2x.png in Resources */ = {isa = PBXBuildFile; fileRef = 9614913B143814190010FFE1 /* tueTabAct@2x.png */; };
		9614913E143814190010FFE1 /* tueTabInact@2x.png in Resources */ = {isa = PBXBuildFile; fileRef = 9614913C143814190010FFE1 /* tueTabInact@2x.png */; };
		96149141143814230010FFE1 /* wedTabAct@2x.png in Resources */ = {isa = PBXBuildFile; fileRef = 9614913F143814230010FFE1 /* wedTabAct@2x.png */; };
		96149142143814230010FFE1 /* wedTabInact@2x.png in Resources */ = {isa = PBXBuildFile; fileRef = 96149140143814230010FFE1 /* wedTabInact@2x.png */; };
		961491451438142F0010FFE1 /* weekTabAct@2x.png in Resources */ = {isa = PBXBuildFile; fileRef = 961491431438142F0010FFE1 /* weekTabAct@2x.png */; };
		961491461438142F0010FFE1 /* weekTabInact@2x.png in Resources */ = {isa = PBXBuildFile; fileRef = 961491441438142F0010FFE1 /* weekTabInact@2x.png */; };
		962079D5141C7B8000909AE7 /* cornell-big-red-logo.gif in Resources */ = {isa = PBXBuildFile; fileRef = 962079D4141C7B8000909AE7 /* cornell-big-red-logo.gif */; };
		963DFC78146B8253007E41D4 /* CourseDetailSelectionViewController.m in Sources */ = {isa = PBXBuildFile; fileRef = 963DFC77146B8253007E41D4 /* CourseDetailSelectionViewController.m */; };
		963DFC7C146B8293007E41D4 /* CustomScheduleCell.xib in Resources */ = {isa = PBXBuildFile; fileRef = 963DFC7B146B8293007E41D4 /* CustomScheduleCell.xib */; };
		964A2B3E1433E39800F53F8A /* CustomSectionHeader.m in Sources */ = {isa = PBXBuildFile; fileRef = 964A2B3D1433E39800F53F8A /* CustomSectionHeader.m */; };
		964A2B411433E4CB00F53F8A /* QuartzCore.framework in Frameworks */ = {isa = PBXBuildFile; fileRef = 964A2B401433E4CB00F53F8A /* QuartzCore.framework */; };
		965F845C146B842800C809B3 /* CourseDetailSelectionView.xib in Resources */ = {isa = PBXBuildFile; fileRef = 965F845B146B842800C809B3 /* CourseDetailSelectionView.xib */; };
		967E8CB51467109000D9EA24 /* Schedule.m in Sources */ = {isa = PBXBuildFile; fileRef = 967E8CB41467109000D9EA24 /* Schedule.m */; };
		967E8CB81467109F00D9EA24 /* Course.m in Sources */ = {isa = PBXBuildFile; fileRef = 967E8CB71467109F00D9EA24 /* Course.m */; };
		967EE34514704B0100F0A9BB /* Location.m in Sources */ = {isa = PBXBuildFile; fileRef = 967EE34414704B0100F0A9BB /* Location.m */; };
		96950E43141D9D0E0059CFED /* EventRecapViewController.m in Sources */ = {isa = PBXBuildFile; fileRef = 96950E41141D9D0E0059CFED /* EventRecapViewController.m */; };
		96950E44141D9D0E0059CFED /* EventRecapView.xib in Resources */ = {isa = PBXBuildFile; fileRef = 96950E42141D9D0E0059CFED /* EventRecapView.xib */; };
		9697EF40143912F000EC190A /* AddCourseViewController.m in Sources */ = {isa = PBXBuildFile; fileRef = 9697EF3E143912F000EC190A /* AddCourseViewController.m */; };
		9697EF41143912F000EC190A /* AddCourseView.xib in Resources */ = {isa = PBXBuildFile; fileRef = 9697EF3F143912F000EC190A /* AddCourseView.xib */; };
		96C8AB9F13E1E98400656998 /* Employee.m in Sources */ = {isa = PBXBuildFile; fileRef = 96C8AB9E13E1E98400656998 /* Employee.m */; };
		96CD3516140DE79300C8C45C /* SportEvent.m in Sources */ = {isa = PBXBuildFile; fileRef = 96CD3515140DE79300C8C45C /* SportEvent.m */; };
		96E9243E13F6195B00A48C68 /* CurrentEventCellView.xib in Resources */ = {isa = PBXBuildFile; fileRef = 96E9243D13F6195B00A48C68 /* CurrentEventCellView.xib */; };
		96E9244213F61BF800A48C68 /* blackbearsports-clear.png in Resources */ = {isa = PBXBuildFile; fileRef = 96E9244013F61BF800A48C68 /* blackbearsports-clear.png */; };
		96E9244313F61BF800A48C68 /* blackbearsports.png in Resources */ = {isa = PBXBuildFile; fileRef = 96E9244113F61BF800A48C68 /* blackbearsports.png */; };
		96EE27CB13ECF48600170A52 /* DirectoryDetailViewController.m in Sources */ = {isa = PBXBuildFile; fileRef = 96EE27C913ECF48600170A52 /* DirectoryDetailViewController.m */; };
		96EE27CC13ECF48600170A52 /* DirectoryDetailView.xib in Resources */ = {isa = PBXBuildFile; fileRef = 96EE27CA13ECF48600170A52 /* DirectoryDetailView.xib */; };
		96F2B46F146388820035832B /* AvailableCourses.m in Sources */ = {isa = PBXBuildFile; fileRef = 96F2B46E146388820035832B /* AvailableCourses.m */; };
		96F6907F143D3F8000A4E5AB /* dbInitializer.m in Sources */ = {isa = PBXBuildFile; fileRef = AE74D6EC135FBBB4007D1E74 /* dbInitializer.m */; };
		96FB508E13F786020069836C /* sportsAbbrsDict.txt in Resources */ = {isa = PBXBuildFile; fileRef = 96FB508D13F786020069836C /* sportsAbbrsDict.txt */; };
		96FB509B13F788860069836C /* NSDataAdditions.m in Sources */ = {isa = PBXBuildFile; fileRef = 96FB509813F788860069836C /* NSDataAdditions.m */; };
		96FB509C13F788860069836C /* TBXML.m in Sources */ = {isa = PBXBuildFile; fileRef = 96FB509A13F788860069836C /* TBXML.m */; };
		96FB509E13F788F70069836C /* libz.dylib in Frameworks */ = {isa = PBXBuildFile; fileRef = 96FB509D13F788F70069836C /* libz.dylib */; };
		96FEE89E14660EEC000A0B47 /* iUMaine.sqlite in Resources */ = {isa = PBXBuildFile; fileRef = 96FEE89D14660EEC000A0B47 /* iUMaine.sqlite */; };
		AE81582D135BD930008E9B84 /* UIKit.framework in Frameworks */ = {isa = PBXBuildFile; fileRef = AE81582C135BD930008E9B84 /* UIKit.framework */; };
		AE81582F135BD930008E9B84 /* Foundation.framework in Frameworks */ = {isa = PBXBuildFile; fileRef = AE81582E135BD930008E9B84 /* Foundation.framework */; };
		AE815831135BD930008E9B84 /* CoreGraphics.framework in Frameworks */ = {isa = PBXBuildFile; fileRef = AE815830135BD930008E9B84 /* CoreGraphics.framework */; };
		AE815837135BD930008E9B84 /* InfoPlist.strings in Resources */ = {isa = PBXBuildFile; fileRef = AE815835135BD930008E9B84 /* InfoPlist.strings */; };
		AE81583A135BD930008E9B84 /* main.m in Sources */ = {isa = PBXBuildFile; fileRef = AE815839135BD930008E9B84 /* main.m */; };
		AE81583D135BD930008E9B84 /* iUMaineAppDelegate.m in Sources */ = {isa = PBXBuildFile; fileRef = AE81583C135BD930008E9B84 /* iUMaineAppDelegate.m */; };
		AE815840135BD930008E9B84 /* MainWindow.xib in Resources */ = {isa = PBXBuildFile; fileRef = AE81583E135BD930008E9B84 /* MainWindow.xib */; };
		AE815843135BD930008E9B84 /* ScheduleViewController.m in Sources */ = {isa = PBXBuildFile; fileRef = AE815842135BD930008E9B84 /* ScheduleViewController.m */; };
		AE815846135BD930008E9B84 /* SportsViewController.m in Sources */ = {isa = PBXBuildFile; fileRef = AE815845135BD930008E9B84 /* SportsViewController.m */; };
		AE815849135BD930008E9B84 /* ScheduleView.xib in Resources */ = {isa = PBXBuildFile; fileRef = AE815847135BD930008E9B84 /* ScheduleView.xib */; };
		AE81584C135BD930008E9B84 /* SportsView.xib in Resources */ = {isa = PBXBuildFile; fileRef = AE81584A135BD930008E9B84 /* SportsView.xib */; };
		AE81585B135BDC4E008E9B84 /* MapKit.framework in Frameworks */ = {isa = PBXBuildFile; fileRef = AE81585A135BDC4E008E9B84 /* MapKit.framework */; };
		AE81585E135BDC57008E9B84 /* CoreLocation.framework in Frameworks */ = {isa = PBXBuildFile; fileRef = AE81585D135BDC57008E9B84 /* CoreLocation.framework */; };
		AE815868135BE0D2008E9B84 /* MapView.xib in Resources */ = {isa = PBXBuildFile; fileRef = AE815867135BE0D2008E9B84 /* MapView.xib */; };
		AE815876135BE48C008E9B84 /* DirectoryViewController.m in Sources */ = {isa = PBXBuildFile; fileRef = AE815875135BE48C008E9B84 /* DirectoryViewController.m */; };
		AE815879135BE497008E9B84 /* MapViewController.m in Sources */ = {isa = PBXBuildFile; fileRef = AE815878135BE497008E9B84 /* MapViewController.m */; };
		AE81C78E135D0E6900E2F80F /* CoreData.framework in Frameworks */ = {isa = PBXBuildFile; fileRef = AE81C78D135D0E6900E2F80F /* CoreData.framework */; };
		AE81C792135D0ED300E2F80F /* iumaine.xcdatamodeld in Sources */ = {isa = PBXBuildFile; fileRef = AE81C790135D0ED300E2F80F /* iumaine.xcdatamodeld */; };
		AE8CC6C4136E3732000079E0 /* poiflag.png in Resources */ = {isa = PBXBuildFile; fileRef = AE8CC6C3136E3731000079E0 /* poiflag.png */; };
		AEB17182135BEED200DF742A /* POIAnnotation.m in Sources */ = {isa = PBXBuildFile; fileRef = AEB17181135BEED200DF742A /* POIAnnotation.m */; };
		AECF0B0B13660E4700D2F3B4 /* DirectoryView.xib in Resources */ = {isa = PBXBuildFile; fileRef = AECF0B0913660E4700D2F3B4 /* DirectoryView.xib */; };
		AECF0B2713660EBC00D2F3B4 /* bear-paw-r.gif in Resources */ = {isa = PBXBuildFile; fileRef = AECF0B0D13660EBC00D2F3B4 /* bear-paw-r.gif */; };
		AECF0B2813660EBC00D2F3B4 /* bear-paw-r_24.png in Resources */ = {isa = PBXBuildFile; fileRef = AECF0B0E13660EBC00D2F3B4 /* bear-paw-r_24.png */; };
		AECF0B2913660EBC00D2F3B4 /* bear_32.png in Resources */ = {isa = PBXBuildFile; fileRef = AECF0B0F13660EBC00D2F3B4 /* bear_32.png */; };
		AECF0B2A13660EBC00D2F3B4 /* calendar.png in Resources */ = {isa = PBXBuildFile; fileRef = AECF0B1013660EBC00D2F3B4 /* calendar.png */; };
		AECF0B2B13660EBC00D2F3B4 /* calendar_24.png in Resources */ = {isa = PBXBuildFile; fileRef = AECF0B1113660EBC00D2F3B4 /* calendar_24.png */; };
		AECF0B2C13660EBC00D2F3B4 /* calendar_24_2.png in Resources */ = {isa = PBXBuildFile; fileRef = AECF0B1213660EBC00D2F3B4 /* calendar_24_2.png */; };
		AECF0B2D13660EBC00D2F3B4 /* calendar_48.png in Resources */ = {isa = PBXBuildFile; fileRef = AECF0B1313660EBC00D2F3B4 /* calendar_48.png */; };
		AECF0B2E13660EBC00D2F3B4 /* calendar_64.png in Resources */ = {isa = PBXBuildFile; fileRef = AECF0B1413660EBC00D2F3B4 /* calendar_64.png */; };
		AECF0B2F13660EBC00D2F3B4 /* directory_32.png in Resources */ = {isa = PBXBuildFile; fileRef = AECF0B1513660EBC00D2F3B4 /* directory_32.png */; };
		AECF0B3013660EBC00D2F3B4 /* earth_2_32.png in Resources */ = {isa = PBXBuildFile; fileRef = AECF0B1613660EBC00D2F3B4 /* earth_2_32.png */; };
		AECF0B3113660EBC00D2F3B4 /* globe_24.png in Resources */ = {isa = PBXBuildFile; fileRef = AECF0B1713660EBC00D2F3B4 /* globe_24.png */; };
		AECF0B3213660EBC00D2F3B4 /* globe_48.png in Resources */ = {isa = PBXBuildFile; fileRef = AECF0B1813660EBC00D2F3B4 /* globe_48.png */; };
		AECF0B3313660EBC00D2F3B4 /* globe_64.png in Resources */ = {isa = PBXBuildFile; fileRef = AECF0B1913660EBC00D2F3B4 /* globe_64.png */; };
		AECF0B3413660EBC00D2F3B4 /* icon_profile.png in Resources */ = {isa = PBXBuildFile; fileRef = AECF0B1A13660EBC00D2F3B4 /* icon_profile.png */; };
		AECF0B3513660EBC00D2F3B4 /* icon_user.png in Resources */ = {isa = PBXBuildFile; fileRef = AECF0B1B13660EBC00D2F3B4 /* icon_user.png */; };
		AECF0B3613660EBC00D2F3B4 /* icon_users.png in Resources */ = {isa = PBXBuildFile; fileRef = AECF0B1C13660EBC00D2F3B4 /* icon_users.png */; };
		AECF0B3713660EBC00D2F3B4 /* man_24.png in Resources */ = {isa = PBXBuildFile; fileRef = AECF0B1D13660EBC00D2F3B4 /* man_24.png */; };
		AECF0B3813660EBC00D2F3B4 /* man_48.png in Resources */ = {isa = PBXBuildFile; fileRef = AECF0B1E13660EBC00D2F3B4 /* man_48.png */; };
		AECF0B3913660EBC00D2F3B4 /* man_64.png in Resources */ = {isa = PBXBuildFile; fileRef = AECF0B1F13660EBC00D2F3B4 /* man_64.png */; };
		AECF0B3A13660EBC00D2F3B4 /* notes_32.png in Resources */ = {isa = PBXBuildFile; fileRef = AECF0B2013660EBC00D2F3B4 /* notes_32.png */; };
		AECF0B3B13660EBC00D2F3B4 /* UMaine_114.png in Resources */ = {isa = PBXBuildFile; fileRef = AECF0B2113660EBC00D2F3B4 /* UMaine_114.png */; };
		AECF0B3C13660EBC00D2F3B4 /* UMaine_512.png in Resources */ = {isa = PBXBuildFile; fileRef = AECF0B2213660EBC00D2F3B4 /* UMaine_512.png */; };
		AECF0B3D13660EBC00D2F3B4 /* UMaine_57.png in Resources */ = {isa = PBXBuildFile; fileRef = AECF0B2313660EBC00D2F3B4 /* UMaine_57.png */; };
		AECF0B3E13660EBC00D2F3B4 /* UMaine_701_701.png in Resources */ = {isa = PBXBuildFile; fileRef = AECF0B2413660EBC00D2F3B4 /* UMaine_701_701.png */; };
		AECF0B3F13660EBC00D2F3B4 /* UMaine_701_701.tif in Resources */ = {isa = PBXBuildFile; fileRef = AECF0B2513660EBC00D2F3B4 /* UMaine_701_701.tif */; };
		AECF0B4013660EBC00D2F3B4 /* UMaine_750_750_centered.tif in Resources */ = {isa = PBXBuildFile; fileRef = AECF0B2613660EBC00D2F3B4 /* UMaine_750_750_centered.tif */; };
		AEEA62A613679F2D00E3A470 /* BuildingSelectView.m in Sources */ = {isa = PBXBuildFile; fileRef = AEEA62A413679F2D00E3A470 /* BuildingSelectView.m */; };
		AEEA62A713679F2D00E3A470 /* BuildingSelectView.xib in Resources */ = {isa = PBXBuildFile; fileRef = AEEA62A513679F2D00E3A470 /* BuildingSelectView.xib */; };
/* End PBXBuildFile section */

/* Begin PBXFileReference section */
		960B9299146F2FCF0057C22E /* CourseDetailViewController.h */ = {isa = PBXFileReference; fileEncoding = 4; lastKnownFileType = sourcecode.c.h; path = CourseDetailViewController.h; sourceTree = "<group>"; };
		960B929A146F2FCF0057C22E /* CourseDetailViewController.m */ = {isa = PBXFileReference; fileEncoding = 4; lastKnownFileType = sourcecode.c.objc; path = CourseDetailViewController.m; sourceTree = "<group>"; };
		960B929B146F2FCF0057C22E /* CourseDetailView.xib */ = {isa = PBXFileReference; fileEncoding = 4; lastKnownFileType = file.xib; path = CourseDetailView.xib; sourceTree = "<group>"; };
		961491021437E7EC0010FFE1 /* ScheduleTabView.h */ = {isa = PBXFileReference; fileEncoding = 4; lastKnownFileType = sourcecode.c.h; path = ScheduleTabView.h; sourceTree = "<group>"; };
		961491031437E7EC0010FFE1 /* ScheduleTabView.m */ = {isa = PBXFileReference; fileEncoding = 4; lastKnownFileType = sourcecode.c.objc; path = ScheduleTabView.m; sourceTree = "<group>"; };
		961491081437FF7D0010FFE1 /* friTabAct.png */ = {isa = PBXFileReference; lastKnownFileType = image.png; path = friTabAct.png; sourceTree = "<group>"; };
		9614910A1437FF7D0010FFE1 /* thuTabAct.png */ = {isa = PBXFileReference; lastKnownFileType = image.png; path = thuTabAct.png; sourceTree = "<group>"; };
		9614910B1437FF7D0010FFE1 /* tueTabAct.png */ = {isa = PBXFileReference; lastKnownFileType = image.png; path = tueTabAct.png; sourceTree = "<group>"; };
		9614910C1437FF7D0010FFE1 /* wedTabAct.png */ = {isa = PBXFileReference; lastKnownFileType = image.png; path = wedTabAct.png; sourceTree = "<group>"; };
		9614910D1437FF7D0010FFE1 /* weekTabAct.png */ = {isa = PBXFileReference; lastKnownFileType = image.png; path = weekTabAct.png; sourceTree = "<group>"; };
		96149118143803A70010FFE1 /* backgroundGradient.png */ = {isa = PBXFileReference; lastKnownFileType = image.png; path = backgroundGradient.png; sourceTree = "<group>"; };
		9614911A143804EF0010FFE1 /* monTabAct.png */ = {isa = PBXFileReference; lastKnownFileType = image.png; path = monTabAct.png; sourceTree = "<group>"; };
		9614911D14380A8C0010FFE1 /* friTabInact.png */ = {isa = PBXFileReference; lastKnownFileType = image.png; path = friTabInact.png; sourceTree = "<group>"; };
		9614911E14380A8C0010FFE1 /* monTabInact.png */ = {isa = PBXFileReference; lastKnownFileType = image.png; path = monTabInact.png; sourceTree = "<group>"; };
		9614911F14380A8C0010FFE1 /* thuTabInact.png */ = {isa = PBXFileReference; lastKnownFileType = image.png; path = thuTabInact.png; sourceTree = "<group>"; };
		9614912014380A8C0010FFE1 /* tueTabInact.png */ = {isa = PBXFileReference; lastKnownFileType = image.png; path = tueTabInact.png; sourceTree = "<group>"; };
		9614912114380A8C0010FFE1 /* wedTabInact.png */ = {isa = PBXFileReference; lastKnownFileType = image.png; path = wedTabInact.png; sourceTree = "<group>"; };
		9614912214380A8C0010FFE1 /* weekTabInact.png */ = {isa = PBXFileReference; lastKnownFileType = image.png; path = weekTabInact.png; sourceTree = "<group>"; };
		9614912D1438133E0010FFE1 /* backgroundGradient@2x.png */ = {isa = PBXFileReference; lastKnownFileType = image.png; path = "backgroundGradient@2x.png"; sourceTree = "<group>"; };
		9614912F143813AF0010FFE1 /* friTabAct@2x.png */ = {isa = PBXFileReference; lastKnownFileType = image.png; path = "friTabAct@2x.png"; sourceTree = "<group>"; };
		96149131143813CB0010FFE1 /* friTabInact@2x.png */ = {isa = PBXFileReference; lastKnownFileType = image.png; path = "friTabInact@2x.png"; sourceTree = "<group>"; };
		96149133143813D30010FFE1 /* monTabAct@2x.png */ = {isa = PBXFileReference; lastKnownFileType = image.png; path = "monTabAct@2x.png"; sourceTree = "<group>"; };
		96149135143813DB0010FFE1 /* monTabInact@2x.png */ = {isa = PBXFileReference; lastKnownFileType = image.png; path = "monTabInact@2x.png"; sourceTree = "<group>"; };
		961491371438140E0010FFE1 /* thuTabAct@2x.png */ = {isa = PBXFileReference; lastKnownFileType = image.png; path = "thuTabAct@2x.png"; sourceTree = "<group>"; };
		961491381438140E0010FFE1 /* thuTabInact@2x.png */ = {isa = PBXFileReference; lastKnownFileType = image.png; path = "thuTabInact@2x.png"; sourceTree = "<group>"; };
		9614913B143814190010FFE1 /* tueTabAct@2x.png */ = {isa = PBXFileReference; lastKnownFileType = image.png; path = "tueTabAct@2x.png"; sourceTree = "<group>"; };
		9614913C143814190010FFE1 /* tueTabInact@2x.png */ = {isa = PBXFileReference; lastKnownFileType = image.png; path = "tueTabInact@2x.png"; sourceTree = "<group>"; };
		9614913F143814230010FFE1 /* wedTabAct@2x.png */ = {isa = PBXFileReference; lastKnownFileType = image.png; path = "wedTabAct@2x.png"; sourceTree = "<group>"; };
		96149140143814230010FFE1 /* wedTabInact@2x.png */ = {isa = PBXFileReference; lastKnownFileType = image.png; path = "wedTabInact@2x.png"; sourceTree = "<group>"; };
		961491431438142F0010FFE1 /* weekTabAct@2x.png */ = {isa = PBXFileReference; lastKnownFileType = image.png; path = "weekTabAct@2x.png"; sourceTree = "<group>"; };
		961491441438142F0010FFE1 /* weekTabInact@2x.png */ = {isa = PBXFileReference; lastKnownFileType = image.png; path = "weekTabInact@2x.png"; sourceTree = "<group>"; };
		962079D4141C7B8000909AE7 /* cornell-big-red-logo.gif */ = {isa = PBXFileReference; lastKnownFileType = image.gif; path = "cornell-big-red-logo.gif"; sourceTree = "<group>"; };
		963DFC76146B8253007E41D4 /* CourseDetailSelectionViewController.h */ = {isa = PBXFileReference; fileEncoding = 4; lastKnownFileType = sourcecode.c.h; path = CourseDetailSelectionViewController.h; sourceTree = "<group>"; };
		963DFC77146B8253007E41D4 /* CourseDetailSelectionViewController.m */ = {isa = PBXFileReference; fileEncoding = 4; lastKnownFileType = sourcecode.c.objc; path = CourseDetailSelectionViewController.m; sourceTree = "<group>"; };
		963DFC7B146B8293007E41D4 /* CustomScheduleCell.xib */ = {isa = PBXFileReference; fileEncoding = 4; lastKnownFileType = file.xib; path = CustomScheduleCell.xib; sourceTree = "<group>"; };
		964A2B3C1433E39800F53F8A /* CustomSectionHeader.h */ = {isa = PBXFileReference; fileEncoding = 4; lastKnownFileType = sourcecode.c.h; path = CustomSectionHeader.h; sourceTree = "<group>"; };
		964A2B3D1433E39800F53F8A /* CustomSectionHeader.m */ = {isa = PBXFileReference; fileEncoding = 4; lastKnownFileType = sourcecode.c.objc; path = CustomSectionHeader.m; sourceTree = "<group>"; };
		964A2B401433E4CB00F53F8A /* QuartzCore.framework */ = {isa = PBXFileReference; lastKnownFileType = wrapper.framework; name = QuartzCore.framework; path = System/Library/Frameworks/QuartzCore.framework; sourceTree = SDKROOT; };
		965F845B146B842800C809B3 /* CourseDetailSelectionView.xib */ = {isa = PBXFileReference; fileEncoding = 4; lastKnownFileType = file.xib; path = CourseDetailSelectionView.xib; sourceTree = "<group>"; };
		967E8CB31467109000D9EA24 /* Schedule.h */ = {isa = PBXFileReference; fileEncoding = 4; lastKnownFileType = sourcecode.c.h; path = Schedule.h; sourceTree = "<group>"; };
		967E8CB41467109000D9EA24 /* Schedule.m */ = {isa = PBXFileReference; fileEncoding = 4; lastKnownFileType = sourcecode.c.objc; path = Schedule.m; sourceTree = "<group>"; };
		967E8CB61467109F00D9EA24 /* Course.h */ = {isa = PBXFileReference; fileEncoding = 4; lastKnownFileType = sourcecode.c.h; path = Course.h; sourceTree = "<group>"; };
		967E8CB71467109F00D9EA24 /* Course.m */ = {isa = PBXFileReference; fileEncoding = 4; lastKnownFileType = sourcecode.c.objc; path = Course.m; sourceTree = "<group>"; };
		967EE34314704B0100F0A9BB /* Location.h */ = {isa = PBXFileReference; fileEncoding = 4; lastKnownFileType = sourcecode.c.h; path = Location.h; sourceTree = "<group>"; };
		967EE34414704B0100F0A9BB /* Location.m */ = {isa = PBXFileReference; fileEncoding = 4; lastKnownFileType = sourcecode.c.objc; path = Location.m; sourceTree = "<group>"; };
		96950E40141D9D0E0059CFED /* EventRecapViewController.h */ = {isa = PBXFileReference; fileEncoding = 4; lastKnownFileType = sourcecode.c.h; path = EventRecapViewController.h; sourceTree = "<group>"; };
		96950E41141D9D0E0059CFED /* EventRecapViewController.m */ = {isa = PBXFileReference; fileEncoding = 4; lastKnownFileType = sourcecode.c.objc; path = EventRecapViewController.m; sourceTree = "<group>"; };
		96950E42141D9D0E0059CFED /* EventRecapView.xib */ = {isa = PBXFileReference; fileEncoding = 4; lastKnownFileType = file.xib; path = EventRecapView.xib; sourceTree = "<group>"; };
		9697EF3D143912F000EC190A /* AddCourseViewController.h */ = {isa = PBXFileReference; fileEncoding = 4; lastKnownFileType = sourcecode.c.h; path = AddCourseViewController.h; sourceTree = "<group>"; };
		9697EF3E143912F000EC190A /* AddCourseViewController.m */ = {isa = PBXFileReference; fileEncoding = 4; lastKnownFileType = sourcecode.c.objc; path = AddCourseViewController.m; sourceTree = "<group>"; };
		9697EF3F143912F000EC190A /* AddCourseView.xib */ = {isa = PBXFileReference; fileEncoding = 4; lastKnownFileType = file.xib; path = AddCourseView.xib; sourceTree = "<group>"; };
		96C8AB9D13E1E98400656998 /* Employee.h */ = {isa = PBXFileReference; fileEncoding = 4; lastKnownFileType = sourcecode.c.h; path = Employee.h; sourceTree = "<group>"; };
		96C8AB9E13E1E98400656998 /* Employee.m */ = {isa = PBXFileReference; fileEncoding = 4; lastKnownFileType = sourcecode.c.objc; path = Employee.m; sourceTree = "<group>"; };
		96CD3514140DE79300C8C45C /* SportEvent.h */ = {isa = PBXFileReference; fileEncoding = 4; lastKnownFileType = sourcecode.c.h; path = SportEvent.h; sourceTree = "<group>"; };
		96CD3515140DE79300C8C45C /* SportEvent.m */ = {isa = PBXFileReference; fileEncoding = 4; lastKnownFileType = sourcecode.c.objc; path = SportEvent.m; sourceTree = "<group>"; };
		96E9243D13F6195B00A48C68 /* CurrentEventCellView.xib */ = {isa = PBXFileReference; fileEncoding = 4; lastKnownFileType = file.xib; path = CurrentEventCellView.xib; sourceTree = "<group>"; };
		96E9244013F61BF800A48C68 /* blackbearsports-clear.png */ = {isa = PBXFileReference; lastKnownFileType = image.png; path = "blackbearsports-clear.png"; sourceTree = "<group>"; };
		96E9244113F61BF800A48C68 /* blackbearsports.png */ = {isa = PBXFileReference; lastKnownFileType = image.png; path = blackbearsports.png; sourceTree = "<group>"; };
		96EE27C813ECF48600170A52 /* DirectoryDetailViewController.h */ = {isa = PBXFileReference; fileEncoding = 4; lastKnownFileType = sourcecode.c.h; path = DirectoryDetailViewController.h; sourceTree = "<group>"; };
		96EE27C913ECF48600170A52 /* DirectoryDetailViewController.m */ = {isa = PBXFileReference; fileEncoding = 4; lastKnownFileType = sourcecode.c.objc; path = DirectoryDetailViewController.m; sourceTree = "<group>"; };
		96EE27CA13ECF48600170A52 /* DirectoryDetailView.xib */ = {isa = PBXFileReference; fileEncoding = 4; lastKnownFileType = file.xib; path = DirectoryDetailView.xib; sourceTree = "<group>"; };
		96F2B46D146388820035832B /* AvailableCourses.h */ = {isa = PBXFileReference; fileEncoding = 4; lastKnownFileType = sourcecode.c.h; path = AvailableCourses.h; sourceTree = "<group>"; };
		96F2B46E146388820035832B /* AvailableCourses.m */ = {isa = PBXFileReference; fileEncoding = 4; lastKnownFileType = sourcecode.c.objc; path = AvailableCourses.m; sourceTree = "<group>"; };
		96FB508D13F786020069836C /* sportsAbbrsDict.txt */ = {isa = PBXFileReference; fileEncoding = 4; lastKnownFileType = text; path = sportsAbbrsDict.txt; sourceTree = "<group>"; };
		96FB509713F788860069836C /* NSDataAdditions.h */ = {isa = PBXFileReference; fileEncoding = 4; lastKnownFileType = sourcecode.c.h; path = NSDataAdditions.h; sourceTree = "<group>"; };
		96FB509813F788860069836C /* NSDataAdditions.m */ = {isa = PBXFileReference; fileEncoding = 4; lastKnownFileType = sourcecode.c.objc; path = NSDataAdditions.m; sourceTree = "<group>"; };
		96FB509913F788860069836C /* TBXML.h */ = {isa = PBXFileReference; fileEncoding = 4; lastKnownFileType = sourcecode.c.h; path = TBXML.h; sourceTree = "<group>"; };
		96FB509A13F788860069836C /* TBXML.m */ = {isa = PBXFileReference; fileEncoding = 4; lastKnownFileType = sourcecode.c.objc; path = TBXML.m; sourceTree = "<group>"; };
		96FB509D13F788F70069836C /* libz.dylib */ = {isa = PBXFileReference; lastKnownFileType = "compiled.mach-o.dylib"; name = libz.dylib; path = usr/lib/libz.dylib; sourceTree = SDKROOT; };
		96FEE89D14660EEC000A0B47 /* iUMaine.sqlite */ = {isa = PBXFileReference; lastKnownFileType = file; path = iUMaine.sqlite; sourceTree = "<group>"; };
		AE74D6EB135FBBB4007D1E74 /* dbInitializer.h */ = {isa = PBXFileReference; fileEncoding = 4; lastKnownFileType = sourcecode.c.h; path = dbInitializer.h; sourceTree = "<group>"; };
		AE74D6EC135FBBB4007D1E74 /* dbInitializer.m */ = {isa = PBXFileReference; fileEncoding = 4; lastKnownFileType = sourcecode.c.objc; path = dbInitializer.m; sourceTree = "<group>"; };
		AE815828135BD930008E9B84 /* iUMaine.app */ = {isa = PBXFileReference; explicitFileType = wrapper.application; includeInIndex = 0; path = iUMaine.app; sourceTree = BUILT_PRODUCTS_DIR; };
		AE81582C135BD930008E9B84 /* UIKit.framework */ = {isa = PBXFileReference; lastKnownFileType = wrapper.framework; name = UIKit.framework; path = System/Library/Frameworks/UIKit.framework; sourceTree = SDKROOT; };
		AE81582E135BD930008E9B84 /* Foundation.framework */ = {isa = PBXFileReference; lastKnownFileType = wrapper.framework; name = Foundation.framework; path = System/Library/Frameworks/Foundation.framework; sourceTree = SDKROOT; };
		AE815830135BD930008E9B84 /* CoreGraphics.framework */ = {isa = PBXFileReference; lastKnownFileType = wrapper.framework; name = CoreGraphics.framework; path = System/Library/Frameworks/CoreGraphics.framework; sourceTree = SDKROOT; };
		AE815834135BD930008E9B84 /* iUMaine-Info.plist */ = {isa = PBXFileReference; lastKnownFileType = text.plist.xml; path = "iUMaine-Info.plist"; sourceTree = "<group>"; };
		AE815836135BD930008E9B84 /* en */ = {isa = PBXFileReference; lastKnownFileType = text.plist.strings; name = en; path = en.lproj/InfoPlist.strings; sourceTree = "<group>"; };
		AE815838135BD930008E9B84 /* iUMaine-Prefix.pch */ = {isa = PBXFileReference; lastKnownFileType = sourcecode.c.h; path = "iUMaine-Prefix.pch"; sourceTree = "<group>"; };
		AE815839135BD930008E9B84 /* main.m */ = {isa = PBXFileReference; lastKnownFileType = sourcecode.c.objc; path = main.m; sourceTree = "<group>"; };
		AE81583B135BD930008E9B84 /* iUMaineAppDelegate.h */ = {isa = PBXFileReference; lastKnownFileType = sourcecode.c.h; path = iUMaineAppDelegate.h; sourceTree = "<group>"; };
		AE81583C135BD930008E9B84 /* iUMaineAppDelegate.m */ = {isa = PBXFileReference; lastKnownFileType = sourcecode.c.objc; path = iUMaineAppDelegate.m; sourceTree = "<group>"; };
		AE81583F135BD930008E9B84 /* en */ = {isa = PBXFileReference; lastKnownFileType = file.xib; name = en; path = en.lproj/MainWindow.xib; sourceTree = "<group>"; };
		AE815841135BD930008E9B84 /* ScheduleViewController.h */ = {isa = PBXFileReference; lastKnownFileType = sourcecode.c.h; path = ScheduleViewController.h; sourceTree = "<group>"; };
		AE815842135BD930008E9B84 /* ScheduleViewController.m */ = {isa = PBXFileReference; lastKnownFileType = sourcecode.c.objc; path = ScheduleViewController.m; sourceTree = "<group>"; };
		AE815844135BD930008E9B84 /* SportsViewController.h */ = {isa = PBXFileReference; lastKnownFileType = sourcecode.c.h; path = SportsViewController.h; sourceTree = "<group>"; };
		AE815845135BD930008E9B84 /* SportsViewController.m */ = {isa = PBXFileReference; lastKnownFileType = sourcecode.c.objc; path = SportsViewController.m; sourceTree = "<group>"; };
		AE815848135BD930008E9B84 /* en */ = {isa = PBXFileReference; lastKnownFileType = file.xib; name = en; path = en.lproj/ScheduleView.xib; sourceTree = "<group>"; };
		AE81584B135BD930008E9B84 /* en */ = {isa = PBXFileReference; lastKnownFileType = file.xib; name = en; path = en.lproj/SportsView.xib; sourceTree = "<group>"; };
		AE81585A135BDC4E008E9B84 /* MapKit.framework */ = {isa = PBXFileReference; lastKnownFileType = wrapper.framework; name = MapKit.framework; path = System/Library/Frameworks/MapKit.framework; sourceTree = SDKROOT; };
		AE81585D135BDC57008E9B84 /* CoreLocation.framework */ = {isa = PBXFileReference; lastKnownFileType = wrapper.framework; name = CoreLocation.framework; path = System/Library/Frameworks/CoreLocation.framework; sourceTree = SDKROOT; };
		AE815867135BE0D2008E9B84 /* MapView.xib */ = {isa = PBXFileReference; fileEncoding = 4; lastKnownFileType = file.xib; path = MapView.xib; sourceTree = "<group>"; };
		AE815873135BE484008E9B84 /* DirectoryViewController.h */ = {isa = PBXFileReference; fileEncoding = 4; lastKnownFileType = sourcecode.c.h; path = DirectoryViewController.h; sourceTree = "<group>"; };
		AE815875135BE48C008E9B84 /* DirectoryViewController.m */ = {isa = PBXFileReference; fileEncoding = 4; lastKnownFileType = sourcecode.c.objc; path = DirectoryViewController.m; sourceTree = "<group>"; };
		AE815877135BE491008E9B84 /* MapViewController.h */ = {isa = PBXFileReference; fileEncoding = 4; lastKnownFileType = sourcecode.c.h; path = MapViewController.h; sourceTree = "<group>"; };
		AE815878135BE497008E9B84 /* MapViewController.m */ = {isa = PBXFileReference; fileEncoding = 4; lastKnownFileType = sourcecode.c.objc; path = MapViewController.m; sourceTree = "<group>"; };
		AE81C78D135D0E6900E2F80F /* CoreData.framework */ = {isa = PBXFileReference; lastKnownFileType = wrapper.framework; name = CoreData.framework; path = System/Library/Frameworks/CoreData.framework; sourceTree = SDKROOT; };
		AE81C791135D0ED300E2F80F /* iumaine.xcdatamodel */ = {isa = PBXFileReference; lastKnownFileType = wrapper.xcdatamodel; path = iumaine.xcdatamodel; sourceTree = "<group>"; };
		AE8CC6C3136E3731000079E0 /* poiflag.png */ = {isa = PBXFileReference; lastKnownFileType = image.png; path = poiflag.png; sourceTree = "<group>"; };
		AEB17181135BEED200DF742A /* POIAnnotation.m */ = {isa = PBXFileReference; fileEncoding = 4; lastKnownFileType = sourcecode.c.objc; path = POIAnnotation.m; sourceTree = "<group>"; };
		AEB1718B135BF09700DF742A /* POIAnnotation.h */ = {isa = PBXFileReference; fileEncoding = 4; lastKnownFileType = sourcecode.c.h; path = POIAnnotation.h; sourceTree = "<group>"; };
		AECF0B0A13660E4700D2F3B4 /* en */ = {isa = PBXFileReference; lastKnownFileType = file.xib; name = en; path = en.lproj/DirectoryView.xib; sourceTree = "<group>"; };
		AECF0B0D13660EBC00D2F3B4 /* bear-paw-r.gif */ = {isa = PBXFileReference; lastKnownFileType = image.gif; path = "bear-paw-r.gif"; sourceTree = "<group>"; };
		AECF0B0E13660EBC00D2F3B4 /* bear-paw-r_24.png */ = {isa = PBXFileReference; lastKnownFileType = image.png; path = "bear-paw-r_24.png"; sourceTree = "<group>"; };
		AECF0B0F13660EBC00D2F3B4 /* bear_32.png */ = {isa = PBXFileReference; lastKnownFileType = image.png; path = bear_32.png; sourceTree = "<group>"; };
		AECF0B1013660EBC00D2F3B4 /* calendar.png */ = {isa = PBXFileReference; lastKnownFileType = image.png; path = calendar.png; sourceTree = "<group>"; };
		AECF0B1113660EBC00D2F3B4 /* calendar_24.png */ = {isa = PBXFileReference; lastKnownFileType = image.png; path = calendar_24.png; sourceTree = "<group>"; };
		AECF0B1213660EBC00D2F3B4 /* calendar_24_2.png */ = {isa = PBXFileReference; lastKnownFileType = image.png; path = calendar_24_2.png; sourceTree = "<group>"; };
		AECF0B1313660EBC00D2F3B4 /* calendar_48.png */ = {isa = PBXFileReference; lastKnownFileType = image.png; path = calendar_48.png; sourceTree = "<group>"; };
		AECF0B1413660EBC00D2F3B4 /* calendar_64.png */ = {isa = PBXFileReference; lastKnownFileType = image.png; path = calendar_64.png; sourceTree = "<group>"; };
		AECF0B1513660EBC00D2F3B4 /* directory_32.png */ = {isa = PBXFileReference; lastKnownFileType = image.png; path = directory_32.png; sourceTree = "<group>"; };
		AECF0B1613660EBC00D2F3B4 /* earth_2_32.png */ = {isa = PBXFileReference; lastKnownFileType = image.png; path = earth_2_32.png; sourceTree = "<group>"; };
		AECF0B1713660EBC00D2F3B4 /* globe_24.png */ = {isa = PBXFileReference; lastKnownFileType = image.png; path = globe_24.png; sourceTree = "<group>"; };
		AECF0B1813660EBC00D2F3B4 /* globe_48.png */ = {isa = PBXFileReference; lastKnownFileType = image.png; path = globe_48.png; sourceTree = "<group>"; };
		AECF0B1913660EBC00D2F3B4 /* globe_64.png */ = {isa = PBXFileReference; lastKnownFileType = image.png; path = globe_64.png; sourceTree = "<group>"; };
		AECF0B1A13660EBC00D2F3B4 /* icon_profile.png */ = {isa = PBXFileReference; lastKnownFileType = image.png; path = icon_profile.png; sourceTree = "<group>"; };
		AECF0B1B13660EBC00D2F3B4 /* icon_user.png */ = {isa = PBXFileReference; lastKnownFileType = image.png; path = icon_user.png; sourceTree = "<group>"; };
		AECF0B1C13660EBC00D2F3B4 /* icon_users.png */ = {isa = PBXFileReference; lastKnownFileType = image.png; path = icon_users.png; sourceTree = "<group>"; };
		AECF0B1D13660EBC00D2F3B4 /* man_24.png */ = {isa = PBXFileReference; lastKnownFileType = image.png; path = man_24.png; sourceTree = "<group>"; };
		AECF0B1E13660EBC00D2F3B4 /* man_48.png */ = {isa = PBXFileReference; lastKnownFileType = image.png; path = man_48.png; sourceTree = "<group>"; };
		AECF0B1F13660EBC00D2F3B4 /* man_64.png */ = {isa = PBXFileReference; lastKnownFileType = image.png; path = man_64.png; sourceTree = "<group>"; };
		AECF0B2013660EBC00D2F3B4 /* notes_32.png */ = {isa = PBXFileReference; lastKnownFileType = image.png; path = notes_32.png; sourceTree = "<group>"; };
		AECF0B2113660EBC00D2F3B4 /* UMaine_114.png */ = {isa = PBXFileReference; lastKnownFileType = image.png; path = UMaine_114.png; sourceTree = "<group>"; };
		AECF0B2213660EBC00D2F3B4 /* UMaine_512.png */ = {isa = PBXFileReference; lastKnownFileType = image.png; path = UMaine_512.png; sourceTree = "<group>"; };
		AECF0B2313660EBC00D2F3B4 /* UMaine_57.png */ = {isa = PBXFileReference; lastKnownFileType = image.png; path = UMaine_57.png; sourceTree = "<group>"; };
		AECF0B2413660EBC00D2F3B4 /* UMaine_701_701.png */ = {isa = PBXFileReference; lastKnownFileType = image.png; path = UMaine_701_701.png; sourceTree = "<group>"; };
		AECF0B2513660EBC00D2F3B4 /* UMaine_701_701.tif */ = {isa = PBXFileReference; lastKnownFileType = image.tiff; path = UMaine_701_701.tif; sourceTree = "<group>"; };
		AECF0B2613660EBC00D2F3B4 /* UMaine_750_750_centered.tif */ = {isa = PBXFileReference; lastKnownFileType = image.tiff; path = UMaine_750_750_centered.tif; sourceTree = "<group>"; };
		AEEA62A313679F2D00E3A470 /* BuildingSelectView.h */ = {isa = PBXFileReference; fileEncoding = 4; lastKnownFileType = sourcecode.c.h; path = BuildingSelectView.h; sourceTree = "<group>"; };
		AEEA62A413679F2D00E3A470 /* BuildingSelectView.m */ = {isa = PBXFileReference; fileEncoding = 4; lastKnownFileType = sourcecode.c.objc; path = BuildingSelectView.m; sourceTree = "<group>"; };
		AEEA62A513679F2D00E3A470 /* BuildingSelectView.xib */ = {isa = PBXFileReference; fileEncoding = 4; lastKnownFileType = file.xib; path = BuildingSelectView.xib; sourceTree = "<group>"; };
/* End PBXFileReference section */

/* Begin PBXFrameworksBuildPhase section */
		AE815825135BD930008E9B84 /* Frameworks */ = {
			isa = PBXFrameworksBuildPhase;
			buildActionMask = 2147483647;
			files = (
				964A2B411433E4CB00F53F8A /* QuartzCore.framework in Frameworks */,
				AE81C78E135D0E6900E2F80F /* CoreData.framework in Frameworks */,
				AE81585E135BDC57008E9B84 /* CoreLocation.framework in Frameworks */,
				AE81585B135BDC4E008E9B84 /* MapKit.framework in Frameworks */,
				AE81582D135BD930008E9B84 /* UIKit.framework in Frameworks */,
				AE81582F135BD930008E9B84 /* Foundation.framework in Frameworks */,
				AE815831135BD930008E9B84 /* CoreGraphics.framework in Frameworks */,
				96FB509E13F788F70069836C /* libz.dylib in Frameworks */,
			);
			runOnlyForDeploymentPostprocessing = 0;
		};
/* End PBXFrameworksBuildPhase section */

/* Begin PBXGroup section */
		9614911C14380A590010FFE1 /* Schedule Tab Images */ = {
			isa = PBXGroup;
			children = (
				961491431438142F0010FFE1 /* weekTabAct@2x.png */,
				961491441438142F0010FFE1 /* weekTabInact@2x.png */,
				9614913F143814230010FFE1 /* wedTabAct@2x.png */,
				96149140143814230010FFE1 /* wedTabInact@2x.png */,
				9614913B143814190010FFE1 /* tueTabAct@2x.png */,
				9614913C143814190010FFE1 /* tueTabInact@2x.png */,
				961491371438140E0010FFE1 /* thuTabAct@2x.png */,
				961491381438140E0010FFE1 /* thuTabInact@2x.png */,
				96149135143813DB0010FFE1 /* monTabInact@2x.png */,
				96149133143813D30010FFE1 /* monTabAct@2x.png */,
				96149131143813CB0010FFE1 /* friTabInact@2x.png */,
				9614912F143813AF0010FFE1 /* friTabAct@2x.png */,
				9614912D1438133E0010FFE1 /* backgroundGradient@2x.png */,
				9614911D14380A8C0010FFE1 /* friTabInact.png */,
				9614911E14380A8C0010FFE1 /* monTabInact.png */,
				9614911F14380A8C0010FFE1 /* thuTabInact.png */,
				9614912014380A8C0010FFE1 /* tueTabInact.png */,
				9614912114380A8C0010FFE1 /* wedTabInact.png */,
				9614912214380A8C0010FFE1 /* weekTabInact.png */,
				9614911A143804EF0010FFE1 /* monTabAct.png */,
				96149118143803A70010FFE1 /* backgroundGradient.png */,
				961491081437FF7D0010FFE1 /* friTabAct.png */,
				9614910A1437FF7D0010FFE1 /* thuTabAct.png */,
				9614910B1437FF7D0010FFE1 /* tueTabAct.png */,
				9614910C1437FF7D0010FFE1 /* wedTabAct.png */,
				9614910D1437FF7D0010FFE1 /* weekTabAct.png */,
			);
			name = "Schedule Tab Images";
			sourceTree = "<group>";
		};
		961EE1D41438FE5C00644449 /* Managed Object Classes */ = {
			isa = PBXGroup;
			children = (
				96F2B46D146388820035832B /* AvailableCourses.h */,
				96F2B46E146388820035832B /* AvailableCourses.m */,
				96C8AB9D13E1E98400656998 /* Employee.h */,
				96C8AB9E13E1E98400656998 /* Employee.m */,
				96CD3514140DE79300C8C45C /* SportEvent.h */,
				96CD3515140DE79300C8C45C /* SportEvent.m */,
				967E8CB31467109000D9EA24 /* Schedule.h */,
				967E8CB41467109000D9EA24 /* Schedule.m */,
				967E8CB61467109F00D9EA24 /* Course.h */,
				967E8CB71467109F00D9EA24 /* Course.m */,
				967EE34314704B0100F0A9BB /* Location.h */,
				967EE34414704B0100F0A9BB /* Location.m */,
			);
			name = "Managed Object Classes";
			sourceTree = "<group>";
		};
		96FB509613F788500069836C /* TBXML */ = {
			isa = PBXGroup;
			children = (
				96FB509713F788860069836C /* NSDataAdditions.h */,
				96FB509813F788860069836C /* NSDataAdditions.m */,
				96FB509913F788860069836C /* TBXML.h */,
				96FB509A13F788860069836C /* TBXML.m */,
			);
			name = TBXML;
			sourceTree = "<group>";
		};
		AE81581D135BD930008E9B84 = {
			isa = PBXGroup;
			children = (
				AECF0B0C13660EBC00D2F3B4 /* icons */,
				AE815832135BD930008E9B84 /* iUMaine */,
				96FB509613F788500069836C /* TBXML */,
				AE81582B135BD930008E9B84 /* Frameworks */,
				AE815829135BD930008E9B84 /* Products */,
			);
			sourceTree = "<group>";
		};
		AE815829135BD930008E9B84 /* Products */ = {
			isa = PBXGroup;
			children = (
				AE815828135BD930008E9B84 /* iUMaine.app */,
			);
			name = Products;
			sourceTree = "<group>";
		};
		AE81582B135BD930008E9B84 /* Frameworks */ = {
			isa = PBXGroup;
			children = (
				964A2B401433E4CB00F53F8A /* QuartzCore.framework */,
				96FB509D13F788F70069836C /* libz.dylib */,
				AE81C78D135D0E6900E2F80F /* CoreData.framework */,
				AE81585A135BDC4E008E9B84 /* MapKit.framework */,
				AE81585D135BDC57008E9B84 /* CoreLocation.framework */,
				AE81582C135BD930008E9B84 /* UIKit.framework */,
				AE81582E135BD930008E9B84 /* Foundation.framework */,
				AE815830135BD930008E9B84 /* CoreGraphics.framework */,
			);
			name = Frameworks;
			sourceTree = "<group>";
		};
		AE815832135BD930008E9B84 /* iUMaine */ = {
			isa = PBXGroup;
			children = (
				AE74D6EB135FBBB4007D1E74 /* dbInitializer.h */,
				AE74D6EC135FBBB4007D1E74 /* dbInitializer.m */,
				AE81583B135BD930008E9B84 /* iUMaineAppDelegate.h */,
				AE81583C135BD930008E9B84 /* iUMaineAppDelegate.m */,
				AE815841135BD930008E9B84 /* ScheduleViewController.h */,
				AE815842135BD930008E9B84 /* ScheduleViewController.m */,
				960B9299146F2FCF0057C22E /* CourseDetailViewController.h */,
				960B929A146F2FCF0057C22E /* CourseDetailViewController.m */,
				9697EF3D143912F000EC190A /* AddCourseViewController.h */,
				9697EF3E143912F000EC190A /* AddCourseViewController.m */,
				963DFC76146B8253007E41D4 /* CourseDetailSelectionViewController.h */,
				963DFC77146B8253007E41D4 /* CourseDetailSelectionViewController.m */,
				961491021437E7EC0010FFE1 /* ScheduleTabView.h */,
				961491031437E7EC0010FFE1 /* ScheduleTabView.m */,
				AE815877135BE491008E9B84 /* MapViewController.h */,
				AE815878135BE497008E9B84 /* MapViewController.m */,
				AE815844135BD930008E9B84 /* SportsViewController.h */,
				AE815845135BD930008E9B84 /* SportsViewController.m */,
				AE815873135BE484008E9B84 /* DirectoryViewController.h */,
				AE815875135BE48C008E9B84 /* DirectoryViewController.m */,
				96EE27C813ECF48600170A52 /* DirectoryDetailViewController.h */,
				96EE27C913ECF48600170A52 /* DirectoryDetailViewController.m */,
				AEEA62A313679F2D00E3A470 /* BuildingSelectView.h */,
				AEEA62A413679F2D00E3A470 /* BuildingSelectView.m */,
				AEB1718B135BF09700DF742A /* POIAnnotation.h */,
				AEB17181135BEED200DF742A /* POIAnnotation.m */,
				96950E40141D9D0E0059CFED /* EventRecapViewController.h */,
				96950E41141D9D0E0059CFED /* EventRecapViewController.m */,
				964A2B3C1433E39800F53F8A /* CustomSectionHeader.h */,
				964A2B3D1433E39800F53F8A /* CustomSectionHeader.m */,
				AE81583E135BD930008E9B84 /* MainWindow.xib */,
				AE815847135BD930008E9B84 /* ScheduleView.xib */,
				960B929B146F2FCF0057C22E /* CourseDetailView.xib */,
				9697EF3F143912F000EC190A /* AddCourseView.xib */,
				965F845B146B842800C809B3 /* CourseDetailSelectionView.xib */,
				AE81584A135BD930008E9B84 /* SportsView.xib */,
				96E9243D13F6195B00A48C68 /* CurrentEventCellView.xib */,
				963DFC7B146B8293007E41D4 /* CustomScheduleCell.xib */,
				AE815867135BE0D2008E9B84 /* MapView.xib */,
				AECF0B0913660E4700D2F3B4 /* DirectoryView.xib */,
				96EE27CA13ECF48600170A52 /* DirectoryDetailView.xib */,
				AEEA62A513679F2D00E3A470 /* BuildingSelectView.xib */,
				96950E42141D9D0E0059CFED /* EventRecapView.xib */,
				96E9244113F61BF800A48C68 /* blackbearsports.png */,
				96E9244013F61BF800A48C68 /* blackbearsports-clear.png */,
				962079D4141C7B8000909AE7 /* cornell-big-red-logo.gif */,
				961EE1D41438FE5C00644449 /* Managed Object Classes */,
				9614911C14380A590010FFE1 /* Schedule Tab Images */,
				AE815833135BD930008E9B84 /* Supporting Files */,
			);
			path = iUMaine;
			sourceTree = "<group>";
		};
		AE815833135BD930008E9B84 /* Supporting Files */ = {
			isa = PBXGroup;
			children = (
				96FEE89D14660EEC000A0B47 /* iUMaine.sqlite */,
				96FB508D13F786020069836C /* sportsAbbrsDict.txt */,
				AE81C790135D0ED300E2F80F /* iumaine.xcdatamodeld */,
				AE815834135BD930008E9B84 /* iUMaine-Info.plist */,
				AE815835135BD930008E9B84 /* InfoPlist.strings */,
				AE815838135BD930008E9B84 /* iUMaine-Prefix.pch */,
				AE815839135BD930008E9B84 /* main.m */,
			);
			name = "Supporting Files";
			sourceTree = "<group>";
		};
		AECF0B0C13660EBC00D2F3B4 /* icons */ = {
			isa = PBXGroup;
			children = (
				AE8CC6C3136E3731000079E0 /* poiflag.png */,
				AECF0B0D13660EBC00D2F3B4 /* bear-paw-r.gif */,
				AECF0B0E13660EBC00D2F3B4 /* bear-paw-r_24.png */,
				AECF0B0F13660EBC00D2F3B4 /* bear_32.png */,
				AECF0B1013660EBC00D2F3B4 /* calendar.png */,
				AECF0B1113660EBC00D2F3B4 /* calendar_24.png */,
				AECF0B1213660EBC00D2F3B4 /* calendar_24_2.png */,
				AECF0B1313660EBC00D2F3B4 /* calendar_48.png */,
				AECF0B1413660EBC00D2F3B4 /* calendar_64.png */,
				AECF0B1513660EBC00D2F3B4 /* directory_32.png */,
				AECF0B1613660EBC00D2F3B4 /* earth_2_32.png */,
				AECF0B1713660EBC00D2F3B4 /* globe_24.png */,
				AECF0B1813660EBC00D2F3B4 /* globe_48.png */,
				AECF0B1913660EBC00D2F3B4 /* globe_64.png */,
				AECF0B1A13660EBC00D2F3B4 /* icon_profile.png */,
				AECF0B1B13660EBC00D2F3B4 /* icon_user.png */,
				AECF0B1C13660EBC00D2F3B4 /* icon_users.png */,
				AECF0B1D13660EBC00D2F3B4 /* man_24.png */,
				AECF0B1E13660EBC00D2F3B4 /* man_48.png */,
				AECF0B1F13660EBC00D2F3B4 /* man_64.png */,
				AECF0B2013660EBC00D2F3B4 /* notes_32.png */,
				AECF0B2113660EBC00D2F3B4 /* UMaine_114.png */,
				AECF0B2213660EBC00D2F3B4 /* UMaine_512.png */,
				AECF0B2313660EBC00D2F3B4 /* UMaine_57.png */,
				AECF0B2413660EBC00D2F3B4 /* UMaine_701_701.png */,
				AECF0B2513660EBC00D2F3B4 /* UMaine_701_701.tif */,
				AECF0B2613660EBC00D2F3B4 /* UMaine_750_750_centered.tif */,
			);
			name = icons;
			path = iUMaine/icons;
			sourceTree = "<group>";
		};
/* End PBXGroup section */

/* Begin PBXNativeTarget section */
		AE815827135BD930008E9B84 /* iUMaine */ = {
			isa = PBXNativeTarget;
			buildConfigurationList = AE81584F135BD930008E9B84 /* Build configuration list for PBXNativeTarget "iUMaine" */;
			buildPhases = (
				AE815824135BD930008E9B84 /* Sources */,
				AE815825135BD930008E9B84 /* Frameworks */,
				AE815826135BD930008E9B84 /* Resources */,
			);
			buildRules = (
			);
			dependencies = (
			);
			name = iUMaine;
			productName = iUMaine;
			productReference = AE815828135BD930008E9B84 /* iUMaine.app */;
			productType = "com.apple.product-type.application";
		};
/* End PBXNativeTarget section */

/* Begin PBXProject section */
		AE81581F135BD930008E9B84 /* Project object */ = {
			isa = PBXProject;
			attributes = {
				LastUpgradeCheck = 0420;
			};
			buildConfigurationList = AE815822135BD930008E9B84 /* Build configuration list for PBXProject "iUMaine" */;
			compatibilityVersion = "Xcode 3.2";
			developmentRegion = English;
			hasScannedForEncodings = 0;
			knownRegions = (
				en,
			);
			mainGroup = AE81581D135BD930008E9B84;
			productRefGroup = AE815829135BD930008E9B84 /* Products */;
			projectDirPath = "";
			projectRoot = "";
			targets = (
				AE815827135BD930008E9B84 /* iUMaine */,
			);
		};
/* End PBXProject section */

/* Begin PBXResourcesBuildPhase section */
		AE815826135BD930008E9B84 /* Resources */ = {
			isa = PBXResourcesBuildPhase;
			buildActionMask = 2147483647;
			files = (
				AE815837135BD930008E9B84 /* InfoPlist.strings in Resources */,
				AE815840135BD930008E9B84 /* MainWindow.xib in Resources */,
				AE815849135BD930008E9B84 /* ScheduleView.xib in Resources */,
				AE81584C135BD930008E9B84 /* SportsView.xib in Resources */,
				AE815868135BE0D2008E9B84 /* MapView.xib in Resources */,
				AECF0B0B13660E4700D2F3B4 /* DirectoryView.xib in Resources */,
				AECF0B2713660EBC00D2F3B4 /* bear-paw-r.gif in Resources */,
				AECF0B2813660EBC00D2F3B4 /* bear-paw-r_24.png in Resources */,
				AECF0B2913660EBC00D2F3B4 /* bear_32.png in Resources */,
				AECF0B2A13660EBC00D2F3B4 /* calendar.png in Resources */,
				AECF0B2B13660EBC00D2F3B4 /* calendar_24.png in Resources */,
				AECF0B2C13660EBC00D2F3B4 /* calendar_24_2.png in Resources */,
				AECF0B2D13660EBC00D2F3B4 /* calendar_48.png in Resources */,
				AECF0B2E13660EBC00D2F3B4 /* calendar_64.png in Resources */,
				AECF0B2F13660EBC00D2F3B4 /* directory_32.png in Resources */,
				AECF0B3013660EBC00D2F3B4 /* earth_2_32.png in Resources */,
				AECF0B3113660EBC00D2F3B4 /* globe_24.png in Resources */,
				AECF0B3213660EBC00D2F3B4 /* globe_48.png in Resources */,
				AECF0B3313660EBC00D2F3B4 /* globe_64.png in Resources */,
				AECF0B3413660EBC00D2F3B4 /* icon_profile.png in Resources */,
				AECF0B3513660EBC00D2F3B4 /* icon_user.png in Resources */,
				AECF0B3613660EBC00D2F3B4 /* icon_users.png in Resources */,
				AECF0B3713660EBC00D2F3B4 /* man_24.png in Resources */,
				AECF0B3813660EBC00D2F3B4 /* man_48.png in Resources */,
				AECF0B3913660EBC00D2F3B4 /* man_64.png in Resources */,
				AECF0B3A13660EBC00D2F3B4 /* notes_32.png in Resources */,
				AECF0B3B13660EBC00D2F3B4 /* UMaine_114.png in Resources */,
				AECF0B3C13660EBC00D2F3B4 /* UMaine_512.png in Resources */,
				AECF0B3D13660EBC00D2F3B4 /* UMaine_57.png in Resources */,
				AECF0B3E13660EBC00D2F3B4 /* UMaine_701_701.png in Resources */,
				AECF0B3F13660EBC00D2F3B4 /* UMaine_701_701.tif in Resources */,
				AECF0B4013660EBC00D2F3B4 /* UMaine_750_750_centered.tif in Resources */,
				AEEA62A713679F2D00E3A470 /* BuildingSelectView.xib in Resources */,
				AE8CC6C4136E3732000079E0 /* poiflag.png in Resources */,
				96EE27CC13ECF48600170A52 /* DirectoryDetailView.xib in Resources */,
				96E9243E13F6195B00A48C68 /* CurrentEventCellView.xib in Resources */,
				96E9244213F61BF800A48C68 /* blackbearsports-clear.png in Resources */,
				96E9244313F61BF800A48C68 /* blackbearsports.png in Resources */,
				96FB508E13F786020069836C /* sportsAbbrsDict.txt in Resources */,
				962079D5141C7B8000909AE7 /* cornell-big-red-logo.gif in Resources */,
				96950E44141D9D0E0059CFED /* EventRecapView.xib in Resources */,
				9614910E1437FF7D0010FFE1 /* friTabAct.png in Resources */,
				961491101437FF7D0010FFE1 /* thuTabAct.png in Resources */,
				961491111437FF7D0010FFE1 /* tueTabAct.png in Resources */,
				961491121437FF7D0010FFE1 /* wedTabAct.png in Resources */,
				961491131437FF7D0010FFE1 /* weekTabAct.png in Resources */,
				96149119143803A70010FFE1 /* backgroundGradient.png in Resources */,
				9614911B143804EF0010FFE1 /* monTabAct.png in Resources */,
				9614912314380A8C0010FFE1 /* friTabInact.png in Resources */,
				9614912414380A8C0010FFE1 /* monTabInact.png in Resources */,
				9614912514380A8C0010FFE1 /* thuTabInact.png in Resources */,
				9614912614380A8C0010FFE1 /* tueTabInact.png in Resources */,
				9614912714380A8C0010FFE1 /* wedTabInact.png in Resources */,
				9614912814380A8C0010FFE1 /* weekTabInact.png in Resources */,
				9614912E1438133E0010FFE1 /* backgroundGradient@2x.png in Resources */,
				96149130143813AF0010FFE1 /* friTabAct@2x.png in Resources */,
				96149132143813CB0010FFE1 /* friTabInact@2x.png in Resources */,
				96149134143813D30010FFE1 /* monTabAct@2x.png in Resources */,
				96149136143813DB0010FFE1 /* monTabInact@2x.png in Resources */,
				961491391438140E0010FFE1 /* thuTabAct@2x.png in Resources */,
				9614913A1438140E0010FFE1 /* thuTabInact@2x.png in Resources */,
				9614913D143814190010FFE1 /* tueTabAct@2x.png in Resources */,
				9614913E143814190010FFE1 /* tueTabInact@2x.png in Resources */,
				96149141143814230010FFE1 /* wedTabAct@2x.png in Resources */,
				96149142143814230010FFE1 /* wedTabInact@2x.png in Resources */,
				961491451438142F0010FFE1 /* weekTabAct@2x.png in Resources */,
				961491461438142F0010FFE1 /* weekTabInact@2x.png in Resources */,
				9697EF41143912F000EC190A /* AddCourseView.xib in Resources */,
				96FEE89E14660EEC000A0B47 /* iUMaine.sqlite in Resources */,
				963DFC7C146B8293007E41D4 /* CustomScheduleCell.xib in Resources */,
				965F845C146B842800C809B3 /* CourseDetailSelectionView.xib in Resources */,
				960B929D146F2FCF0057C22E /* CourseDetailView.xib in Resources */,
			);
			runOnlyForDeploymentPostprocessing = 0;
		};
/* End PBXResourcesBuildPhase section */

/* Begin PBXSourcesBuildPhase section */
		AE815824135BD930008E9B84 /* Sources */ = {
			isa = PBXSourcesBuildPhase;
			buildActionMask = 2147483647;
			files = (
				96F6907F143D3F8000A4E5AB /* dbInitializer.m in Sources */,
				AE81583A135BD930008E9B84 /* main.m in Sources */,
				AE81583D135BD930008E9B84 /* iUMaineAppDelegate.m in Sources */,
				AE815843135BD930008E9B84 /* ScheduleViewController.m in Sources */,
				AE815846135BD930008E9B84 /* SportsViewController.m in Sources */,
				AE815876135BE48C008E9B84 /* DirectoryViewController.m in Sources */,
				AE815879135BE497008E9B84 /* MapViewController.m in Sources */,
				AEB17182135BEED200DF742A /* POIAnnotation.m in Sources */,
				AE81C792135D0ED300E2F80F /* iumaine.xcdatamodeld in Sources */,
				AEEA62A613679F2D00E3A470 /* BuildingSelectView.m in Sources */,
				96C8AB9F13E1E98400656998 /* Employee.m in Sources */,
				96EE27CB13ECF48600170A52 /* DirectoryDetailViewController.m in Sources */,
				96FB509B13F788860069836C /* NSDataAdditions.m in Sources */,
				96FB509C13F788860069836C /* TBXML.m in Sources */,
				96CD3516140DE79300C8C45C /* SportEvent.m in Sources */,
				96950E43141D9D0E0059CFED /* EventRecapViewController.m in Sources */,
				964A2B3E1433E39800F53F8A /* CustomSectionHeader.m in Sources */,
				961491041437E7EC0010FFE1 /* ScheduleTabView.m in Sources */,
				9697EF40143912F000EC190A /* AddCourseViewController.m in Sources */,
				96F2B46F146388820035832B /* AvailableCourses.m in Sources */,
				967E8CB51467109000D9EA24 /* Schedule.m in Sources */,
				967E8CB81467109F00D9EA24 /* Course.m in Sources */,
				963DFC78146B8253007E41D4 /* CourseDetailSelectionViewController.m in Sources */,
				960B929C146F2FCF0057C22E /* CourseDetailViewController.m in Sources */,
				967EE34514704B0100F0A9BB /* Location.m in Sources */,
			);
			runOnlyForDeploymentPostprocessing = 0;
		};
/* End PBXSourcesBuildPhase section */

/* Begin PBXVariantGroup section */
		AE815835135BD930008E9B84 /* InfoPlist.strings */ = {
			isa = PBXVariantGroup;
			children = (
				AE815836135BD930008E9B84 /* en */,
			);
			name = InfoPlist.strings;
			sourceTree = "<group>";
		};
		AE81583E135BD930008E9B84 /* MainWindow.xib */ = {
			isa = PBXVariantGroup;
			children = (
				AE81583F135BD930008E9B84 /* en */,
			);
			name = MainWindow.xib;
			sourceTree = "<group>";
		};
		AE815847135BD930008E9B84 /* ScheduleView.xib */ = {
			isa = PBXVariantGroup;
			children = (
				AE815848135BD930008E9B84 /* en */,
			);
			name = ScheduleView.xib;
			sourceTree = "<group>";
		};
		AE81584A135BD930008E9B84 /* SportsView.xib */ = {
			isa = PBXVariantGroup;
			children = (
				AE81584B135BD930008E9B84 /* en */,
			);
			name = SportsView.xib;
			sourceTree = "<group>";
		};
		AECF0B0913660E4700D2F3B4 /* DirectoryView.xib */ = {
			isa = PBXVariantGroup;
			children = (
				AECF0B0A13660E4700D2F3B4 /* en */,
			);
			name = DirectoryView.xib;
			sourceTree = "<group>";
		};
/* End PBXVariantGroup section */

/* Begin XCBuildConfiguration section */
		AE81584D135BD930008E9B84 /* Debug */ = {
			isa = XCBuildConfiguration;
			buildSettings = {
				ARCHS = "$(ARCHS_STANDARD_32_BIT)";
				CODE_SIGN_IDENTITY = "iPhone Developer: Robert KIng (PLJWL35TX2)";
				"CODE_SIGN_IDENTITY[sdk=iphoneos*]" = "iPhone Developer: Robert KIng (PLJWL35TX2)";
				GCC_C_LANGUAGE_STANDARD = gnu99;
				GCC_OPTIMIZATION_LEVEL = 0;
				GCC_PREPROCESSOR_DEFINITIONS = DEBUG;
				GCC_SYMBOLS_PRIVATE_EXTERN = NO;
				GCC_VERSION = com.apple.compilers.llvmgcc42;
				GCC_WARN_ABOUT_RETURN_TYPE = YES;
				GCC_WARN_UNUSED_VARIABLE = YES;
				IPHONEOS_DEPLOYMENT_TARGET = 4.3;
				PROVISIONING_PROFILE = "0D306BCF-60C0-42C1-8FF9-9F0E28C1EE3F";
				"PROVISIONING_PROFILE[sdk=iphoneos*]" = "0D306BCF-60C0-42C1-8FF9-9F0E28C1EE3F";
				SDKROOT = iphoneos;
				TARGETED_DEVICE_FAMILY = 1;
			};
			name = Debug;
		};
		AE81584E135BD930008E9B84 /* Release */ = {
			isa = XCBuildConfiguration;
			buildSettings = {
				ARCHS = "$(ARCHS_STANDARD_32_BIT)";
				CODE_SIGN_IDENTITY = "iPhone Developer";
				"CODE_SIGN_IDENTITY[sdk=iphoneos*]" = "iPhone Developer";
				GCC_C_LANGUAGE_STANDARD = gnu99;
				GCC_VERSION = com.apple.compilers.llvmgcc42;
				GCC_WARN_ABOUT_RETURN_TYPE = YES;
				GCC_WARN_UNUSED_VARIABLE = YES;
				IPHONEOS_DEPLOYMENT_TARGET = 4.3;
				OTHER_CFLAGS = "-DNS_BLOCK_ASSERTIONS=1";
				PROVISIONING_PROFILE = "";
				"PROVISIONING_PROFILE[sdk=iphoneos*]" = "";
				SDKROOT = iphoneos;
				TARGETED_DEVICE_FAMILY = 1;
			};
			name = Release;
		};
		AE815850135BD930008E9B84 /* Debug */ = {
			isa = XCBuildConfiguration;
			buildSettings = {
				ALWAYS_SEARCH_USER_PATHS = NO;
				CODE_SIGN_IDENTITY = "iPhone Developer";
				"CODE_SIGN_IDENTITY[sdk=iphoneos*]" = "iPhone Developer";
				COPY_PHASE_STRIP = NO;
				GCC_DYNAMIC_NO_PIC = NO;
				GCC_PRECOMPILE_PREFIX_HEADER = YES;
				GCC_PREFIX_HEADER = "iUMaine/iUMaine-Prefix.pch";
				INFOPLIST_FILE = "iUMaine/iUMaine-Info.plist";
				PRODUCT_NAME = "$(TARGET_NAME)";
				PROVISIONING_PROFILE = "";
				"PROVISIONING_PROFILE[sdk=iphoneos*]" = "";
				WRAPPER_EXTENSION = app;
			};
			name = Debug;
		};
		AE815851135BD930008E9B84 /* Release */ = {
			isa = XCBuildConfiguration;
			buildSettings = {
				ALWAYS_SEARCH_USER_PATHS = NO;
				CODE_SIGN_IDENTITY = "iPhone Developer";
				COPY_PHASE_STRIP = YES;
				GCC_PRECOMPILE_PREFIX_HEADER = YES;
				GCC_PREFIX_HEADER = "iUMaine/iUMaine-Prefix.pch";
				INFOPLIST_FILE = "iUMaine/iUMaine-Info.plist";
				PRODUCT_NAME = "$(TARGET_NAME)";
				PROVISIONING_PROFILE = "";
				VALIDATE_PRODUCT = YES;
				WRAPPER_EXTENSION = app;
			};
			name = Release;
		};
/* End XCBuildConfiguration section */

/* Begin XCConfigurationList section */
		AE815822135BD930008E9B84 /* Build configuration list for PBXProject "iUMaine" */ = {
			isa = XCConfigurationList;
			buildConfigurations = (
				AE81584D135BD930008E9B84 /* Debug */,
				AE81584E135BD930008E9B84 /* Release */,
			);
			defaultConfigurationIsVisible = 0;
			defaultConfigurationName = Release;
		};
		AE81584F135BD930008E9B84 /* Build configuration list for PBXNativeTarget "iUMaine" */ = {
			isa = XCConfigurationList;
			buildConfigurations = (
				AE815850135BD930008E9B84 /* Debug */,
				AE815851135BD930008E9B84 /* Release */,
			);
			defaultConfigurationIsVisible = 0;
			defaultConfigurationName = Release;
		};
/* End XCConfigurationList section */

/* Begin XCVersionGroup section */
		AE81C790135D0ED300E2F80F /* iumaine.xcdatamodeld */ = {
			isa = XCVersionGroup;
			children = (
				AE81C791135D0ED300E2F80F /* iumaine.xcdatamodel */,
			);
			currentVersion = AE81C791135D0ED300E2F80F /* iumaine.xcdatamodel */;
			name = iumaine.xcdatamodeld;
			path = ../iumaine.xcdatamodeld;
			sourceTree = "<group>";
			versionGroupType = wrapper.xcdatamodel;
		};
/* End XCVersionGroup section */
	};
	rootObject = AE81581F135BD930008E9B84 /* Project object */;
}
